
Microsoft Visual Studio Solution File, Format Version 12.00
# Visual Studio 14
VisualStudioVersion = 14.0.25123.0
MinimumVisualStudioVersion = 10.0.40219.1
Project("{FAE04EC0-301F-11D3-BF4B-00C04F79EFBC}") = "ConsoleExampleTMDBLib", "ConsoleExampleTMDBLib\ConsoleExampleTMDBLib.csproj", "{AF650513-435F-4259-B404-2119679F5B1C}"
EndProject
Project("{FAE04EC0-301F-11D3-BF4B-00C04F79EFBC}") = "ConsoleConfigDemo", "ConsoleConfigDemo\ConsoleConfigDemo.csproj", "{3B6E608A-D9BE-4EA3-A99C-3F8918FCC2FC}"
EndProject
Project("{FAE04EC0-301F-11D3-BF4B-00C04F79EFBC}") = "Helpers", "Helpers\Helpers.csproj", "{3536477F-6521-4303-A2B1-DEBBFD4884D1}"
EndProject
Project("{FAE04EC0-301F-11D3-BF4B-00C04F79EFBC}") = "Main", "Main\Main.csproj", "{833FB63B-10E7-48CF-B233-7C51481C3D1C}"
EndProject
Project("{FAE04EC0-301F-11D3-BF4B-00C04F79EFBC}") = "FolderBrowser", "FolderBrowser\FolderBrowser.csproj", "{02404F53-8F5C-4FE4-87A3-6C91183AC5C5}"
EndProject
Project("{FAE04EC0-301F-11D3-BF4B-00C04F79EFBC}") = "UitlegClasses", "UitlegClasses\UitlegClasses.csproj", "{EFC4C77E-D04E-464E-9519-F4F2229A6EC4}"
EndProject
Project("{FAE04EC0-301F-11D3-BF4B-00C04F79EFBC}") = "SjorsApp", "SjorsApp\SjorsApp.csproj", "{D905AA9E-D9F7-423C-B88F-3B69F301F986}"
EndProject
Project("{FAE04EC0-301F-11D3-BF4B-00C04F79EFBC}") = "JeromyMovieOrg", "JeromyMovieOrg\JeromyMovieOrg.csproj", "{39F99345-9943-40B2-8A4C-0CBA67F5AB57}"
EndProject
Global
	GlobalSection(SolutionConfigurationPlatforms) = preSolution
		Debug|Any CPU = Debug|Any CPU
		Release|Any CPU = Release|Any CPU
	EndGlobalSection
	GlobalSection(ProjectConfigurationPlatforms) = postSolution
		{AF650513-435F-4259-B404-2119679F5B1C}.Debug|Any CPU.ActiveCfg = Debug|Any CPU
		{AF650513-435F-4259-B404-2119679F5B1C}.Debug|Any CPU.Build.0 = Debug|Any CPU
		{AF650513-435F-4259-B404-2119679F5B1C}.Release|Any CPU.ActiveCfg = Release|Any CPU
		{AF650513-435F-4259-B404-2119679F5B1C}.Release|Any CPU.Build.0 = Release|Any CPU
		{3B6E608A-D9BE-4EA3-A99C-3F8918FCC2FC}.Debug|Any CPU.ActiveCfg = Debug|Any CPU
		{3B6E608A-D9BE-4EA3-A99C-3F8918FCC2FC}.Debug|Any CPU.Build.0 = Debug|Any CPU
		{3B6E608A-D9BE-4EA3-A99C-3F8918FCC2FC}.Release|Any CPU.ActiveCfg = Release|Any CPU
		{3B6E608A-D9BE-4EA3-A99C-3F8918FCC2FC}.Release|Any CPU.Build.0 = Release|Any CPU
		{3536477F-6521-4303-A2B1-DEBBFD4884D1}.Debug|Any CPU.ActiveCfg = Debug|Any CPU
		{3536477F-6521-4303-A2B1-DEBBFD4884D1}.Debug|Any CPU.Build.0 = Debug|Any CPU
		{3536477F-6521-4303-A2B1-DEBBFD4884D1}.Release|Any CPU.ActiveCfg = Release|Any CPU
		{3536477F-6521-4303-A2B1-DEBBFD4884D1}.Release|Any CPU.Build.0 = Release|Any CPU
		{833FB63B-10E7-48CF-B233-7C51481C3D1C}.Debug|Any CPU.ActiveCfg = Debug|Any CPU
		{833FB63B-10E7-48CF-B233-7C51481C3D1C}.Debug|Any CPU.Build.0 = Debug|Any CPU
		{833FB63B-10E7-48CF-B233-7C51481C3D1C}.Release|Any CPU.ActiveCfg = Release|Any CPU
		{833FB63B-10E7-48CF-B233-7C51481C3D1C}.Release|Any CPU.Build.0 = Release|Any CPU
		{02404F53-8F5C-4FE4-87A3-6C91183AC5C5}.Debug|Any CPU.ActiveCfg = Debug|Any CPU
		{02404F53-8F5C-4FE4-87A3-6C91183AC5C5}.Debug|Any CPU.Build.0 = Debug|Any CPU
		{02404F53-8F5C-4FE4-87A3-6C91183AC5C5}.Release|Any CPU.ActiveCfg = Release|Any CPU
		{02404F53-8F5C-4FE4-87A3-6C91183AC5C5}.Release|Any CPU.Build.0 = Release|Any CPU
		{EFC4C77E-D04E-464E-9519-F4F2229A6EC4}.Debug|Any CPU.ActiveCfg = Debug|Any CPU
		{EFC4C77E-D04E-464E-9519-F4F2229A6EC4}.Debug|Any CPU.Build.0 = Debug|Any CPU
		{EFC4C77E-D04E-464E-9519-F4F2229A6EC4}.Release|Any CPU.ActiveCfg = Release|Any CPU
		{EFC4C77E-D04E-464E-9519-F4F2229A6EC4}.Release|Any CPU.Build.0 = Release|Any CPU
		{D905AA9E-D9F7-423C-B88F-3B69F301F986}.Debug|Any CPU.ActiveCfg = Debug|Any CPU
		{D905AA9E-D9F7-423C-B88F-3B69F301F986}.Debug|Any CPU.Build.0 = Debug|Any CPU
		{D905AA9E-D9F7-423C-B88F-3B69F301F986}.Release|Any CPU.ActiveCfg = Release|Any CPU
		{D905AA9E-D9F7-423C-B88F-3B69F301F986}.Release|Any CPU.Build.0 = Release|Any CPU
		{39F99345-9943-40B2-8A4C-0CBA67F5AB57}.Debug|Any CPU.ActiveCfg = Debug|Any CPU
		{39F99345-9943-40B2-8A4C-0CBA67F5AB57}.Debug|Any CPU.Build.0 = Debug|Any CPU
		{39F99345-9943-40B2-8A4C-0CBA67F5AB57}.Release|Any CPU.ActiveCfg = Release|Any CPU
		{39F99345-9943-40B2-8A4C-0CBA67F5AB57}.Release|Any CPU.Build.0 = Release|Any CPU
	EndGlobalSection
	GlobalSection(SolutionProperties) = preSolution
		HideSolutionNode = FALSE
	EndGlobalSection
EndGlobal
